
Microsoft Visual Studio Solution File, Format Version 12.00
# Visual Studio Version 16
VisualStudioVersion = 16.0.31112.23
MinimumVisualStudioVersion = 10.0.40219.1
Project("{FAE04EC0-301F-11D3-BF4B-00C04F79EFBC}") = "Paint", "Paint\Paint.csproj", "{EFF65F35-418D-4BE5-A643-07C6776F8209}"
EndProject
Global
	GlobalSection(SolutionConfigurationPlatforms) = preSolution
		Debug|Any CPU = Debug|Any CPU
		Release|Any CPU = Release|Any CPU
	EndGlobalSection
	GlobalSection(ProjectConfigurationPlatforms) = postSolution
		{EFF65F35-418D-4BE5-A643-07C6776F8209}.Debug|Any CPU.ActiveCfg = Debug|Any CPU
		{EFF65F35-418D-4BE5-A643-07C6776F8209}.Debug|Any CPU.Build.0 = Debug|Any CPU
		{EFF65F35-418D-4BE5-A643-07C6776F8209}.Release|Any CPU.ActiveCfg = Release|Any CPU
		{EFF65F35-418D-4BE5-A643-07C6776F8209}.Release|Any CPU.Build.0 = Release|Any CPU
	EndGlobalSection
	GlobalSection(SolutionProperties) = preSolution
		HideSolutionNode = FALSE
	EndGlobalSection
	GlobalSection(ExtensibilityGlobals) = postSolution
		SolutionGuid = {1FDD6841-3910-47EA-A50E-ADAD7064069F}
	EndGlobalSection
EndGlobal
